// !$*UTF8*$!
{
	archiveVersion = 1;
	classes = {
	};
	objectVersion = 46;
	objects = {

/* Begin PBXBuildFile section */
		4D29F4FB1654E15900D369B2 /* impact1-1.png in Resources */ = {isa = PBXBuildFile; fileRef = 4D29F4FA1654E15900D369B2 /* impact1-1.png */; };
		4D29F4FE1654E38B00D369B2 /* sample1.png in Resources */ = {isa = PBXBuildFile; fileRef = 4D29F4FD1654E38B00D369B2 /* sample1.png */; };
		4D3F750D1626F52F0054B1D7 /* 1_1btn.png in Resources */ = {isa = PBXBuildFile; fileRef = 4D3F750C1626F52F0054B1D7 /* 1_1btn.png */; };
		4DB5DB70160B09F70004233D /* Flash.m in Sources */ = {isa = PBXBuildFile; fileRef = 4DB5DB6E160B09F70004233D /* Flash.m */; };
		4DB5DB71160B09F70004233D /* Flash.xib in Resources */ = {isa = PBXBuildFile; fileRef = 4DB5DB6F160B09F70004233D /* Flash.xib */; };
		4DB61D3E160A1AB500DEA620 /* UIKit.framework in Frameworks */ = {isa = PBXBuildFile; fileRef = 4DB61D3D160A1AB500DEA620 /* UIKit.framework */; };
		4DB61D40160A1AB500DEA620 /* Foundation.framework in Frameworks */ = {isa = PBXBuildFile; fileRef = 4DB61D3F160A1AB500DEA620 /* Foundation.framework */; };
		4DB61D42160A1AB500DEA620 /* CoreGraphics.framework in Frameworks */ = {isa = PBXBuildFile; fileRef = 4DB61D41160A1AB500DEA620 /* CoreGraphics.framework */; };
		4DB61D48160A1AB500DEA620 /* InfoPlist.strings in Resources */ = {isa = PBXBuildFile; fileRef = 4DB61D46160A1AB500DEA620 /* InfoPlist.strings */; };
		4DB61D4A160A1AB500DEA620 /* main.m in Sources */ = {isa = PBXBuildFile; fileRef = 4DB61D49160A1AB500DEA620 /* main.m */; };
		4DB61D4E160A1AB500DEA620 /* AppDelegate.m in Sources */ = {isa = PBXBuildFile; fileRef = 4DB61D4D160A1AB500DEA620 /* AppDelegate.m */; };
		4DB61D57160A1BA100DEA620 /* Menu.m in Sources */ = {isa = PBXBuildFile; fileRef = 4DB61D55160A1BA100DEA620 /* Menu.m */; };
		4DB61D58160A1BA100DEA620 /* Menu.xib in Resources */ = {isa = PBXBuildFile; fileRef = 4DB61D56160A1BA100DEA620 /* Menu.xib */; };
		4DB61D5D160A1C1D00DEA620 /* LevelSelect.m in Sources */ = {isa = PBXBuildFile; fileRef = 4DB61D5B160A1C1D00DEA620 /* LevelSelect.m */; };
		4DB61D5E160A1C1D00DEA620 /* LevelSelect.xib in Resources */ = {isa = PBXBuildFile; fileRef = 4DB61D5C160A1C1D00DEA620 /* LevelSelect.xib */; };
		4DC559E8160F013F00873389 /* Default-568h@2x.png in Resources */ = {isa = PBXBuildFile; fileRef = 4DC559E7160F013F00873389 /* Default-568h@2x.png */; };
		4DF01A3A161EF27000449C99 /* FPmain.png in Resources */ = {isa = PBXBuildFile; fileRef = 4DF01A39161EF27000449C99 /* FPmain.png */; };
/* End PBXBuildFile section */

/* Begin PBXFileReference section */
		4D29F4FA1654E15900D369B2 /* impact1-1.png */ = {isa = PBXFileReference; lastKnownFileType = image.png; name = "impact1-1.png"; path = "../impact1-1.png"; sourceTree = "<group>"; };
		4D29F4FD1654E38B00D369B2 /* sample1.png */ = {isa = PBXFileReference; lastKnownFileType = image.png; path = sample1.png; sourceTree = "<group>"; };
		4D3F750C1626F52F0054B1D7 /* 1_1btn.png */ = {isa = PBXFileReference; lastKnownFileType = image.png; path = 1_1btn.png; sourceTree = "<group>"; };
		4DB5DB6D160B09F70004233D /* Flash.h */ = {isa = PBXFileReference; fileEncoding = 4; lastKnownFileType = sourcecode.c.h; path = Flash.h; sourceTree = "<group>"; };
		4DB5DB6E160B09F70004233D /* Flash.m */ = {isa = PBXFileReference; fileEncoding = 4; lastKnownFileType = sourcecode.c.objc; path = Flash.m; sourceTree = "<group>"; };
		4DB5DB6F160B09F70004233D /* Flash.xib */ = {isa = PBXFileReference; fileEncoding = 4; lastKnownFileType = file.xib; name = Flash.xib; path = FlushPuls3/Flash.xib; sourceTree = "<group>"; };
		4DB61D39160A1AB500DEA620 /* ImpactPlus.app */ = {isa = PBXFileReference; explicitFileType = wrapper.application; includeInIndex = 0; path = ImpactPlus.app; sourceTree = BUILT_PRODUCTS_DIR; };
		4DB61D3D160A1AB500DEA620 /* UIKit.framework */ = {isa = PBXFileReference; lastKnownFileType = wrapper.framework; name = UIKit.framework; path = System/Library/Frameworks/UIKit.framework; sourceTree = SDKROOT; };
		4DB61D3F160A1AB500DEA620 /* Foundation.framework */ = {isa = PBXFileReference; lastKnownFileType = wrapper.framework; name = Foundation.framework; path = System/Library/Frameworks/Foundation.framework; sourceTree = SDKROOT; };
		4DB61D41160A1AB500DEA620 /* CoreGraphics.framework */ = {isa = PBXFileReference; lastKnownFileType = wrapper.framework; name = CoreGraphics.framework; path = System/Library/Frameworks/CoreGraphics.framework; sourceTree = SDKROOT; };
		4DB61D45160A1AB500DEA620 /* ImpactPlus-Info.plist */ = {isa = PBXFileReference; lastKnownFileType = text.plist.xml; path = "ImpactPlus-Info.plist"; sourceTree = "<group>"; };
		4DB61D47160A1AB500DEA620 /* en */ = {isa = PBXFileReference; lastKnownFileType = text.plist.strings; name = en; path = en.lproj/InfoPlist.strings; sourceTree = "<group>"; };
		4DB61D49160A1AB500DEA620 /* main.m */ = {isa = PBXFileReference; lastKnownFileType = sourcecode.c.objc; path = main.m; sourceTree = "<group>"; };
		4DB61D4B160A1AB500DEA620 /* ImpactPlus-Prefix.pch */ = {isa = PBXFileReference; lastKnownFileType = sourcecode.c.h; path = "ImpactPlus-Prefix.pch"; sourceTree = "<group>"; };
		4DB61D4C160A1AB500DEA620 /* AppDelegate.h */ = {isa = PBXFileReference; lastKnownFileType = sourcecode.c.h; path = AppDelegate.h; sourceTree = "<group>"; };
		4DB61D4D160A1AB500DEA620 /* AppDelegate.m */ = {isa = PBXFileReference; lastKnownFileType = sourcecode.c.objc; path = AppDelegate.m; sourceTree = "<group>"; };
		4DB61D54160A1BA100DEA620 /* Menu.h */ = {isa = PBXFileReference; fileEncoding = 4; lastKnownFileType = sourcecode.c.h; path = Menu.h; sourceTree = "<group>"; };
		4DB61D55160A1BA100DEA620 /* Menu.m */ = {isa = PBXFileReference; fileEncoding = 4; lastKnownFileType = sourcecode.c.objc; path = Menu.m; sourceTree = "<group>"; };
		4DB61D56160A1BA100DEA620 /* Menu.xib */ = {isa = PBXFileReference; fileEncoding = 4; lastKnownFileType = file.xib; name = Menu.xib; path = FlushPuls3/Menu.xib; sourceTree = "<group>"; };
		4DB61D5A160A1C1D00DEA620 /* LevelSelect.h */ = {isa = PBXFileReference; fileEncoding = 4; lastKnownFileType = sourcecode.c.h; path = LevelSelect.h; sourceTree = "<group>"; };
		4DB61D5B160A1C1D00DEA620 /* LevelSelect.m */ = {isa = PBXFileReference; fileEncoding = 4; lastKnownFileType = sourcecode.c.objc; path = LevelSelect.m; sourceTree = "<group>"; };
		4DB61D5C160A1C1D00DEA620 /* LevelSelect.xib */ = {isa = PBXFileReference; fileEncoding = 4; lastKnownFileType = file.xib; name = LevelSelect.xib; path = FlushPuls3/LevelSelect.xib; sourceTree = "<group>"; };
		4DC559E7160F013F00873389 /* Default-568h@2x.png */ = {isa = PBXFileReference; lastKnownFileType = image.png; path = "Default-568h@2x.png"; sourceTree = "<group>"; };
		4DF01A39161EF27000449C99 /* FPmain.png */ = {isa = PBXFileReference; lastKnownFileType = image.png; path = FPmain.png; sourceTree = "<group>"; };
/* End PBXFileReference section */

/* Begin PBXFrameworksBuildPhase section */
		4DB61D36160A1AB500DEA620 /* Frameworks */ = {
			isa = PBXFrameworksBuildPhase;
			buildActionMask = 2147483647;
			files = (
				4DB61D3E160A1AB500DEA620 /* UIKit.framework in Frameworks */,
				4DB61D40160A1AB500DEA620 /* Foundation.framework in Frameworks */,
				4DB61D42160A1AB500DEA620 /* CoreGraphics.framework in Frameworks */,
			);
			runOnlyForDeploymentPostprocessing = 0;
		};
/* End PBXFrameworksBuildPhase section */

/* Begin PBXGroup section */
		4DB61D2E160A1AB500DEA620 = {
			isa = PBXGroup;
			children = (
				4D3F750C1626F52F0054B1D7 /* 1_1btn.png */,
				4DF01A39161EF27000449C99 /* FPmain.png */,
				4DC559E7160F013F00873389 /* Default-568h@2x.png */,
				4DB61D43160A1AB500DEA620 /* FlushPuls3 */,
				4DB61D3C160A1AB500DEA620 /* Frameworks */,
				4DB61D3A160A1AB500DEA620 /* Products */,
			);
			sourceTree = "<group>";
		};
		4DB61D3A160A1AB500DEA620 /* Products */ = {
			isa = PBXGroup;
			children = (
				4DB61D39160A1AB500DEA620 /* ImpactPlus.app */,
			);
			name = Products;
			sourceTree = "<group>";
		};
		4DB61D3C160A1AB500DEA620 /* Frameworks */ = {
			isa = PBXGroup;
			children = (
				4DB61D3D160A1AB500DEA620 /* UIKit.framework */,
				4DB61D3F160A1AB500DEA620 /* Foundation.framework */,
				4DB61D41160A1AB500DEA620 /* CoreGraphics.framework */,
			);
			name = Frameworks;
			sourceTree = "<group>";
		};
		4DB61D43160A1AB500DEA620 /* FlushPuls3 */ = {
			isa = PBXGroup;
			children = (
				4DB61D4C160A1AB500DEA620 /* AppDelegate.h */,
				4DB61D4D160A1AB500DEA620 /* AppDelegate.m */,
				4DB61D54160A1BA100DEA620 /* Menu.h */,
				4DB61D55160A1BA100DEA620 /* Menu.m */,
				4DB61D5A160A1C1D00DEA620 /* LevelSelect.h */,
				4DB61D5B160A1C1D00DEA620 /* LevelSelect.m */,
				4DB5DB6D160B09F70004233D /* Flash.h */,
				4DB5DB6E160B09F70004233D /* Flash.m */,
				4DB61D44160A1AB500DEA620 /* Supporting Files */,
				4DB61D59160A1BE800DEA620 /* View */,
			);
			path = FlushPuls3;
			sourceTree = "<group>";
		};
		4DB61D44160A1AB500DEA620 /* Supporting Files */ = {
			isa = PBXGroup;
			children = (
				4D29F4FD1654E38B00D369B2 /* sample1.png */,
				4D29F4FA1654E15900D369B2 /* impact1-1.png */,
				4DB61D45160A1AB500DEA620 /* ImpactPlus-Info.plist */,
				4DB61D46160A1AB500DEA620 /* InfoPlist.strings */,
				4DB61D49160A1AB500DEA620 /* main.m */,
				4DB61D4B160A1AB500DEA620 /* ImpactPlus-Prefix.pch */,
			);
			name = "Supporting Files";
			sourceTree = "<group>";
		};
		4DB61D59160A1BE800DEA620 /* View */ = {
			isa = PBXGroup;
			children = (
				4DB5DB6F160B09F70004233D /* Flash.xib */,
				4DB61D5C160A1C1D00DEA620 /* LevelSelect.xib */,
				4DB61D56160A1BA100DEA620 /* Menu.xib */,
			);
			name = View;
			path = ..;
			sourceTree = "<group>";
		};
/* End PBXGroup section */

/* Begin PBXNativeTarget section */
		4DB61D38160A1AB500DEA620 /* ImpactPlus */ = {
			isa = PBXNativeTarget;
			buildConfigurationList = 4DB61D51160A1AB500DEA620 /* Build configuration list for PBXNativeTarget "ImpactPlus" */;
			buildPhases = (
				4DB61D35160A1AB500DEA620 /* Sources */,
				4DB61D36160A1AB500DEA620 /* Frameworks */,
				4DB61D37160A1AB500DEA620 /* Resources */,
			);
			buildRules = (
			);
			dependencies = (
			);
			name = ImpactPlus;
			productName = FlushPuls3;
			productReference = 4DB61D39160A1AB500DEA620 /* ImpactPlus.app */;
			productType = "com.apple.product-type.application";
		};
/* End PBXNativeTarget section */

/* Begin PBXProject section */
		4DB61D30160A1AB500DEA620 /* Project object */ = {
			isa = PBXProject;
			attributes = {
				LastUpgradeCheck = 0440;
				ORGANIZATIONNAME = " 荒木 力";
			};
			buildConfigurationList = 4DB61D33160A1AB500DEA620 /* Build configuration list for PBXProject "ImpactPlas" */;
			compatibilityVersion = "Xcode 3.2";
			developmentRegion = English;
			hasScannedForEncodings = 0;
			knownRegions = (
				en,
			);
			mainGroup = 4DB61D2E160A1AB500DEA620;
			productRefGroup = 4DB61D3A160A1AB500DEA620 /* Products */;
			projectDirPath = "";
			projectRoot = "";
			targets = (
				4DB61D38160A1AB500DEA620 /* ImpactPlus */,
			);
		};
/* End PBXProject section */

/* Begin PBXResourcesBuildPhase section */
		4DB61D37160A1AB500DEA620 /* Resources */ = {
			isa = PBXResourcesBuildPhase;
			buildActionMask = 2147483647;
			files = (
				4DB61D48160A1AB500DEA620 /* InfoPlist.strings in Resources */,
				4DB61D58160A1BA100DEA620 /* Menu.xib in Resources */,
				4DB61D5E160A1C1D00DEA620 /* LevelSelect.xib in Resources */,
				4DB5DB71160B09F70004233D /* Flash.xib in Resources */,
				4DC559E8160F013F00873389 /* Default-568h@2x.png in Resources */,
				4DF01A3A161EF27000449C99 /* FPmain.png in Resources */,
				4D3F750D1626F52F0054B1D7 /* 1_1btn.png in Resources */,
				4D29F4FB1654E15900D369B2 /* impact1-1.png in Resources */,
				4D29F4FE1654E38B00D369B2 /* sample1.png in Resources */,
			);
			runOnlyForDeploymentPostprocessing = 0;
		};
/* End PBXResourcesBuildPhase section */

/* Begin PBXSourcesBuildPhase section */
		4DB61D35160A1AB500DEA620 /* Sources */ = {
			isa = PBXSourcesBuildPhase;
			buildActionMask = 2147483647;
			files = (
				4DB61D4A160A1AB500DEA620 /* main.m in Sources */,
				4DB61D4E160A1AB500DEA620 /* AppDelegate.m in Sources */,
				4DB61D57160A1BA100DEA620 /* Menu.m in Sources */,
				4DB61D5D160A1C1D00DEA620 /* LevelSelect.m in Sources */,
				4DB5DB70160B09F70004233D /* Flash.m in Sources */,
			);
			runOnlyForDeploymentPostprocessing = 0;
		};
/* End PBXSourcesBuildPhase section */

/* Begin PBXVariantGroup section */
		4DB61D46160A1AB500DEA620 /* InfoPlist.strings */ = {
			isa = PBXVariantGroup;
			children = (
				4DB61D47160A1AB500DEA620 /* en */,
			);
			name = InfoPlist.strings;
			sourceTree = "<group>";
		};
/* End PBXVariantGroup section */

/* Begin XCBuildConfiguration section */
		4DB61D4F160A1AB500DEA620 /* Debug */ = {
			isa = XCBuildConfiguration;
			buildSettings = {
				ALWAYS_SEARCH_USER_PATHS = NO;
				ARCHS = "$(ARCHS_STANDARD_32_BIT)";
				CLANG_CXX_LANGUAGE_STANDARD = "gnu++0x";
				CLANG_WARN__DUPLICATE_METHOD_MATCH = YES;
				"CODE_SIGN_IDENTITY[sdk=iphoneos*]" = "iPhone Developer";
				COPY_PHASE_STRIP = NO;
				GCC_C_LANGUAGE_STANDARD = gnu99;
				GCC_DYNAMIC_NO_PIC = NO;
				GCC_OPTIMIZATION_LEVEL = 0;
				GCC_PREPROCESSOR_DEFINITIONS = (
					"DEBUG=1",
					"$(inherited)",
				);
				GCC_SYMBOLS_PRIVATE_EXTERN = NO;
				GCC_VERSION = com.apple.compilers.llvm.clang.1_0;
				GCC_WARN_ABOUT_RETURN_TYPE = YES;
				GCC_WARN_UNINITIALIZED_AUTOS = YES;
				GCC_WARN_UNUSED_VARIABLE = YES;
				IPHONEOS_DEPLOYMENT_TARGET = 5.1;
				SDKROOT = iphoneos;
			};
			name = Debug;
		};
		4DB61D50160A1AB500DEA620 /* Release */ = {
			isa = XCBuildConfiguration;
			buildSettings = {
				ALWAYS_SEARCH_USER_PATHS = NO;
				ARCHS = "$(ARCHS_STANDARD_32_BIT)";
				CLANG_CXX_LANGUAGE_STANDARD = "gnu++0x";
				CLANG_WARN__DUPLICATE_METHOD_MATCH = YES;
				"CODE_SIGN_IDENTITY[sdk=iphoneos*]" = "iPhone Developer";
				COPY_PHASE_STRIP = YES;
				GCC_C_LANGUAGE_STANDARD = gnu99;
				GCC_VERSION = com.apple.compilers.llvm.clang.1_0;
				GCC_WARN_ABOUT_RETURN_TYPE = YES;
				GCC_WARN_UNINITIALIZED_AUTOS = YES;
				GCC_WARN_UNUSED_VARIABLE = YES;
				IPHONEOS_DEPLOYMENT_TARGET = 5.1;
				OTHER_CFLAGS = "-DNS_BLOCK_ASSERTIONS=1";
				SDKROOT = iphoneos;
				VALIDATE_PRODUCT = YES;
			};
			name = Release;
		};
		4DB61D52160A1AB500DEA620 /* Debug */ = {
			isa = XCBuildConfiguration;
			buildSettings = {
				GCC_PRECOMPILE_PREFIX_HEADER = YES;
				GCC_PREFIX_HEADER = "FlushPuls3/ImpactPlus-Prefix.pch";
				INFOPLIST_FILE = "FlushPuls3/ImpactPlus-Info.plist";
				PRODUCT_NAME = ImpactPlus;
				WRAPPER_EXTENSION = app;
			};
			name = Debug;
		};
		4DB61D53160A1AB500DEA620 /* Release */ = {
			isa = XCBuildConfiguration;
			buildSettings = {
				GCC_PRECOMPILE_PREFIX_HEADER = YES;
				GCC_PREFIX_HEADER = "FlushPuls3/ImpactPlus-Prefix.pch";
				INFOPLIST_FILE = "FlushPuls3/ImpactPlus-Info.plist";
				PRODUCT_NAME = ImpactPlus;
				WRAPPER_EXTENSION = app;
			};
			name = Release;
		};
/* End XCBuildConfiguration section */

/* Begin XCConfigurationList section */
		4DB61D33160A1AB500DEA620 /* Build configuration list for PBXProject "ImpactPlas" */ = {
			isa = XCConfigurationList;
			buildConfigurations = (
				4DB61D4F160A1AB500DEA620 /* Debug */,
				4DB61D50160A1AB500DEA620 /* Release */,
			);
			defaultConfigurationIsVisible = 0;
			defaultConfigurationName = Release;
		};
		4DB61D51160A1AB500DEA620 /* Build configuration list for PBXNativeTarget "ImpactPlus" */ = {
			isa = XCConfigurationList;
			buildConfigurations = (
				4DB61D52160A1AB500DEA620 /* Debug */,
				4DB61D53160A1AB500DEA620 /* Release */,
			);
			defaultConfigurationIsVisible = 0;
			defaultConfigurationName = Release;
		};
/* End XCConfigurationList section */
	};
	rootObject = 4DB61D30160A1AB500DEA620 /* Project object */;
}
